// !$*UTF8*$!
{
	archiveVersion = 1;
	classes = {
	};
	objectVersion = 50;
	objects = {

/* Begin PBXBuildFile section */
		658CE6CA23CF1C7500AB4787 /* AppDelegate.swift in Sources */ = {isa = PBXBuildFile; fileRef = 658CE6C923CF1C7500AB4787 /* AppDelegate.swift */; };
		658CE6CE23CF1C7500AB4787 /* ViewController.swift in Sources */ = {isa = PBXBuildFile; fileRef = 658CE6CD23CF1C7500AB4787 /* ViewController.swift */; };
		658CE6D123CF1C7500AB4787 /* Main.storyboard in Resources */ = {isa = PBXBuildFile; fileRef = 658CE6CF23CF1C7500AB4787 /* Main.storyboard */; };
		658CE6D323CF1C7D00AB4787 /* Assets.xcassets in Resources */ = {isa = PBXBuildFile; fileRef = 658CE6D223CF1C7D00AB4787 /* Assets.xcassets */; };
		658CE6D623CF1C7D00AB4787 /* LaunchScreen.storyboard in Resources */ = {isa = PBXBuildFile; fileRef = 658CE6D423CF1C7D00AB4787 /* LaunchScreen.storyboard */; };
		658CE6E123CF1C7D00AB4787 /* SnippetATests.swift in Sources */ = {isa = PBXBuildFile; fileRef = 658CE6E023CF1C7D00AB4787 /* SnippetATests.swift */; };
		658CE6EC23CF1C7D00AB4787 /* SnippetAUITests.swift in Sources */ = {isa = PBXBuildFile; fileRef = 658CE6EB23CF1C7D00AB4787 /* SnippetAUITests.swift */; };
		658CE6FA23CF209E00AB4787 /* fail.mp3 in Resources */ = {isa = PBXBuildFile; fileRef = 658CE6F923CF209E00AB4787 /* fail.mp3 */; };
/* End PBXBuildFile section */

/* Begin PBXContainerItemProxy section */
		658CE6DD23CF1C7D00AB4787 /* PBXContainerItemProxy */ = {
			isa = PBXContainerItemProxy;
			containerPortal = 658CE6BE23CF1C7500AB4787 /* Project object */;
			proxyType = 1;
			remoteGlobalIDString = 658CE6C523CF1C7500AB4787;
			remoteInfo = SnippetA;
		};
		658CE6E823CF1C7D00AB4787 /* PBXContainerItemProxy */ = {
			isa = PBXContainerItemProxy;
			containerPortal = 658CE6BE23CF1C7500AB4787 /* Project object */;
			proxyType = 1;
			remoteGlobalIDString = 658CE6C523CF1C7500AB4787;
			remoteInfo = SnippetA;
		};
/* End PBXContainerItemProxy section */

/* Begin PBXFileReference section */
		658CE6C623CF1C7500AB4787 /* SnippetA.app */ = {isa = PBXFileReference; explicitFileType = wrapper.application; includeInIndex = 0; path = SnippetA.app; sourceTree = BUILT_PRODUCTS_DIR; };
		658CE6C923CF1C7500AB4787 /* AppDelegate.swift */ = {isa = PBXFileReference; lastKnownFileType = sourcecode.swift; path = AppDelegate.swift; sourceTree = "<group>"; };
		658CE6CD23CF1C7500AB4787 /* ViewController.swift */ = {isa = PBXFileReference; lastKnownFileType = sourcecode.swift; path = ViewController.swift; sourceTree = "<group>"; };
		658CE6D023CF1C7500AB4787 /* Base */ = {isa = PBXFileReference; lastKnownFileType = file.storyboard; name = Base; path = Base.lproj/Main.storyboard; sourceTree = "<group>"; };
		658CE6D223CF1C7D00AB4787 /* Assets.xcassets */ = {isa = PBXFileReference; lastKnownFileType = folder.assetcatalog; path = Assets.xcassets; sourceTree = "<group>"; };
		658CE6D523CF1C7D00AB4787 /* Base */ = {isa = PBXFileReference; lastKnownFileType = file.storyboard; name = Base; path = Base.lproj/LaunchScreen.storyboard; sourceTree = "<group>"; };
		658CE6D723CF1C7D00AB4787 /* Info.plist */ = {isa = PBXFileReference; lastKnownFileType = text.plist.xml; path = Info.plist; sourceTree = "<group>"; };
		658CE6DC23CF1C7D00AB4787 /* SnippetATests.xctest */ = {isa = PBXFileReference; explicitFileType = wrapper.cfbundle; includeInIndex = 0; path = SnippetATests.xctest; sourceTree = BUILT_PRODUCTS_DIR; };
		658CE6E023CF1C7D00AB4787 /* SnippetATests.swift */ = {isa = PBXFileReference; lastKnownFileType = sourcecode.swift; path = SnippetATests.swift; sourceTree = "<group>"; };
		658CE6E223CF1C7D00AB4787 /* Info.plist */ = {isa = PBXFileReference; lastKnownFileType = text.plist.xml; path = Info.plist; sourceTree = "<group>"; };
		658CE6E723CF1C7D00AB4787 /* SnippetAUITests.xctest */ = {isa = PBXFileReference; explicitFileType = wrapper.cfbundle; includeInIndex = 0; path = SnippetAUITests.xctest; sourceTree = BUILT_PRODUCTS_DIR; };
		658CE6EB23CF1C7D00AB4787 /* SnippetAUITests.swift */ = {isa = PBXFileReference; lastKnownFileType = sourcecode.swift; path = SnippetAUITests.swift; sourceTree = "<group>"; };
		658CE6ED23CF1C7D00AB4787 /* Info.plist */ = {isa = PBXFileReference; lastKnownFileType = text.plist.xml; path = Info.plist; sourceTree = "<group>"; };
		658CE6F923CF209E00AB4787 /* fail.mp3 */ = {isa = PBXFileReference; lastKnownFileType = audio.mp3; path = fail.mp3; sourceTree = "<group>"; };
/* End PBXFileReference section */

/* Begin PBXFrameworksBuildPhase section */
		658CE6C323CF1C7500AB4787 /* Frameworks */ = {
			isa = PBXFrameworksBuildPhase;
			buildActionMask = 2147483647;
			files = (
			);
			runOnlyForDeploymentPostprocessing = 0;
		};
		658CE6D923CF1C7D00AB4787 /* Frameworks */ = {
			isa = PBXFrameworksBuildPhase;
			buildActionMask = 2147483647;
			files = (
			);
			runOnlyForDeploymentPostprocessing = 0;
		};
		658CE6E423CF1C7D00AB4787 /* Frameworks */ = {
			isa = PBXFrameworksBuildPhase;
			buildActionMask = 2147483647;
			files = (
			);
			runOnlyForDeploymentPostprocessing = 0;
		};
/* End PBXFrameworksBuildPhase section */

/* Begin PBXGroup section */
		658CE6BD23CF1C7500AB4787 = {
			isa = PBXGroup;
			children = (
				658CE6C823CF1C7500AB4787 /* SnippetA */,
				658CE6DF23CF1C7D00AB4787 /* SnippetATests */,
				658CE6EA23CF1C7D00AB4787 /* SnippetAUITests */,
				658CE6C723CF1C7500AB4787 /* Products */,
			);
			sourceTree = "<group>";
		};
		658CE6C723CF1C7500AB4787 /* Products */ = {
			isa = PBXGroup;
			children = (
				658CE6C623CF1C7500AB4787 /* SnippetA.app */,
				658CE6DC23CF1C7D00AB4787 /* SnippetATests.xctest */,
				658CE6E723CF1C7D00AB4787 /* SnippetAUITests.xctest */,
			);
			name = Products;
			sourceTree = "<group>";
		};
		658CE6C823CF1C7500AB4787 /* SnippetA */ = {
			isa = PBXGroup;
			children = (
				658CE6C923CF1C7500AB4787 /* AppDelegate.swift */,
				658CE6CD23CF1C7500AB4787 /* ViewController.swift */,
				658CE6CF23CF1C7500AB4787 /* Main.storyboard */,
				658CE6F923CF209E00AB4787 /* fail.mp3 */,
				658CE6D223CF1C7D00AB4787 /* Assets.xcassets */,
				658CE6D423CF1C7D00AB4787 /* LaunchScreen.storyboard */,
				658CE6D723CF1C7D00AB4787 /* Info.plist */,
			);
			path = SnippetA;
			sourceTree = "<group>";
		};
		658CE6DF23CF1C7D00AB4787 /* SnippetATests */ = {
			isa = PBXGroup;
			children = (
				658CE6E023CF1C7D00AB4787 /* SnippetATests.swift */,
				658CE6E223CF1C7D00AB4787 /* Info.plist */,
			);
			path = SnippetATests;
			sourceTree = "<group>";
		};
		658CE6EA23CF1C7D00AB4787 /* SnippetAUITests */ = {
			isa = PBXGroup;
			children = (
				658CE6EB23CF1C7D00AB4787 /* SnippetAUITests.swift */,
				658CE6ED23CF1C7D00AB4787 /* Info.plist */,
			);
			path = SnippetAUITests;
			sourceTree = "<group>";
		};
/* End PBXGroup section */

/* Begin PBXNativeTarget section */
		658CE6C523CF1C7500AB4787 /* SnippetA */ = {
			isa = PBXNativeTarget;
			buildConfigurationList = 658CE6F023CF1C7D00AB4787 /* Build configuration list for PBXNativeTarget "SnippetA" */;
			buildPhases = (
				658CE6C223CF1C7500AB4787 /* Sources */,
				658CE6C323CF1C7500AB4787 /* Frameworks */,
				658CE6C423CF1C7500AB4787 /* Resources */,
			);
			buildRules = (
			);
			dependencies = (
			);
			name = SnippetA;
			productName = SnippetA;
			productReference = 658CE6C623CF1C7500AB4787 /* SnippetA.app */;
			productType = "com.apple.product-type.application";
		};
		658CE6DB23CF1C7D00AB4787 /* SnippetATests */ = {
			isa = PBXNativeTarget;
			buildConfigurationList = 658CE6F323CF1C7D00AB4787 /* Build configuration list for PBXNativeTarget "SnippetATests" */;
			buildPhases = (
				658CE6D823CF1C7D00AB4787 /* Sources */,
				658CE6D923CF1C7D00AB4787 /* Frameworks */,
				658CE6DA23CF1C7D00AB4787 /* Resources */,
			);
			buildRules = (
			);
			dependencies = (
				658CE6DE23CF1C7D00AB4787 /* PBXTargetDependency */,
			);
			name = SnippetATests;
			productName = SnippetATests;
			productReference = 658CE6DC23CF1C7D00AB4787 /* SnippetATests.xctest */;
			productType = "com.apple.product-type.bundle.unit-test";
		};
		658CE6E623CF1C7D00AB4787 /* SnippetAUITests */ = {
			isa = PBXNativeTarget;
			buildConfigurationList = 658CE6F623CF1C7D00AB4787 /* Build configuration list for PBXNativeTarget "SnippetAUITests" */;
			buildPhases = (
				658CE6E323CF1C7D00AB4787 /* Sources */,
				658CE6E423CF1C7D00AB4787 /* Frameworks */,
				658CE6E523CF1C7D00AB4787 /* Resources */,
			);
			buildRules = (
			);
			dependencies = (
				658CE6E923CF1C7D00AB4787 /* PBXTargetDependency */,
			);
			name = SnippetAUITests;
			productName = SnippetAUITests;
			productReference = 658CE6E723CF1C7D00AB4787 /* SnippetAUITests.xctest */;
			productType = "com.apple.product-type.bundle.ui-testing";
		};
/* End PBXNativeTarget section */

/* Begin PBXProject section */
		658CE6BE23CF1C7500AB4787 /* Project object */ = {
			isa = PBXProject;
			attributes = {
				LastSwiftUpdateCheck = 1130;
				LastUpgradeCheck = 1130;
				ORGANIZATIONNAME = "Daniel Wohlmuth";
				TargetAttributes = {
					658CE6C523CF1C7500AB4787 = {
						CreatedOnToolsVersion = 11.3;
					};
					658CE6DB23CF1C7D00AB4787 = {
						CreatedOnToolsVersion = 11.3;
						TestTargetID = 658CE6C523CF1C7500AB4787;
					};
					658CE6E623CF1C7D00AB4787 = {
						CreatedOnToolsVersion = 11.3;
						TestTargetID = 658CE6C523CF1C7500AB4787;
					};
				};
			};
			buildConfigurationList = 658CE6C123CF1C7500AB4787 /* Build configuration list for PBXProject "SnippetA" */;
			compatibilityVersion = "Xcode 9.3";
			developmentRegion = en;
			hasScannedForEncodings = 0;
			knownRegions = (
				en,
				Base,
			);
			mainGroup = 658CE6BD23CF1C7500AB4787;
			productRefGroup = 658CE6C723CF1C7500AB4787 /* Products */;
			projectDirPath = "";
			projectRoot = "";
			targets = (
				658CE6C523CF1C7500AB4787 /* SnippetA */,
				658CE6DB23CF1C7D00AB4787 /* SnippetATests */,
				658CE6E623CF1C7D00AB4787 /* SnippetAUITests */,
			);
		};
/* End PBXProject section */

/* Begin PBXResourcesBuildPhase section */
		658CE6C423CF1C7500AB4787 /* Resources */ = {
			isa = PBXResourcesBuildPhase;
			buildActionMask = 2147483647;
			files = (
				658CE6D623CF1C7D00AB4787 /* LaunchScreen.storyboard in Resources */,
				658CE6D323CF1C7D00AB4787 /* Assets.xcassets in Resources */,
				658CE6FA23CF209E00AB4787 /* fail.mp3 in Resources */,
				658CE6D123CF1C7500AB4787 /* Main.storyboard in Resources */,
			);
			runOnlyForDeploymentPostprocessing = 0;
		};
		658CE6DA23CF1C7D00AB4787 /* Resources */ = {
			isa = PBXResourcesBuildPhase;
			buildActionMask = 2147483647;
			files = (
			);
			runOnlyForDeploymentPostprocessing = 0;
		};
		658CE6E523CF1C7D00AB4787 /* Resources */ = {
			isa = PBXResourcesBuildPhase;
			buildActionMask = 2147483647;
			files = (
			);
			runOnlyForDeploymentPostprocessing = 0;
		};
/* End PBXResourcesBuildPhase section */

/* Begin PBXSourcesBuildPhase section */
		658CE6C223CF1C7500AB4787 /* Sources */ = {
			isa = PBXSourcesBuildPhase;
			buildActionMask = 2147483647;
			files = (
				658CE6CE23CF1C7500AB4787 /* ViewController.swift in Sources */,
				658CE6CA23CF1C7500AB4787 /* AppDelegate.swift in Sources */,
			);
			runOnlyForDeploymentPostprocessing = 0;
		};
		658CE6D823CF1C7D00AB4787 /* Sources */ = {
			isa = PBXSourcesBuildPhase;
			buildActionMask = 2147483647;
			files = (
				658CE6E123CF1C7D00AB4787 /* SnippetATests.swift in Sources */,
			);
			runOnlyForDeploymentPostprocessing = 0;
		};
		658CE6E323CF1C7D00AB4787 /* Sources */ = {
			isa = PBXSourcesBuildPhase;
			buildActionMask = 2147483647;
			files = (
				658CE6EC23CF1C7D00AB4787 /* SnippetAUITests.swift in Sources */,
			);
			runOnlyForDeploymentPostprocessing = 0;
		};
/* End PBXSourcesBuildPhase section */

/* Begin PBXTargetDependency section */
		658CE6DE23CF1C7D00AB4787 /* PBXTargetDependency */ = {
			isa = PBXTargetDependency;
			target = 658CE6C523CF1C7500AB4787 /* SnippetA */;
			targetProxy = 658CE6DD23CF1C7D00AB4787 /* PBXContainerItemProxy */;
		};
		658CE6E923CF1C7D00AB4787 /* PBXTargetDependency */ = {
			isa = PBXTargetDependency;
			target = 658CE6C523CF1C7500AB4787 /* SnippetA */;
			targetProxy = 658CE6E823CF1C7D00AB4787 /* PBXContainerItemProxy */;
		};
/* End PBXTargetDependency section */

/* Begin PBXVariantGroup section */
		658CE6CF23CF1C7500AB4787 /* Main.storyboard */ = {
			isa = PBXVariantGroup;
			children = (
				658CE6D023CF1C7500AB4787 /* Base */,
			);
			name = Main.storyboard;
			sourceTree = "<group>";
		};
		658CE6D423CF1C7D00AB4787 /* LaunchScreen.storyboard */ = {
			isa = PBXVariantGroup;
			children = (
				658CE6D523CF1C7D00AB4787 /* Base */,
			);
			name = LaunchScreen.storyboard;
			sourceTree = "<group>";
		};
/* End PBXVariantGroup section */

/* Begin XCBuildConfiguration section */
		658CE6EE23CF1C7D00AB4787 /* Debug */ = {
			isa = XCBuildConfiguration;
			buildSettings = {
				ALWAYS_SEARCH_USER_PATHS = NO;
				CLANG_ANALYZER_NONNULL = YES;
				CLANG_ANALYZER_NUMBER_OBJECT_CONVERSION = YES_AGGRESSIVE;
				CLANG_CXX_LANGUAGE_STANDARD = "gnu++14";
				CLANG_CXX_LIBRARY = "libc++";
				CLANG_ENABLE_MODULES = YES;
				CLANG_ENABLE_OBJC_ARC = YES;
				CLANG_ENABLE_OBJC_WEAK = YES;
				CLANG_WARN_BLOCK_CAPTURE_AUTORELEASING = YES;
				CLANG_WARN_BOOL_CONVERSION = YES;
				CLANG_WARN_COMMA = YES;
				CLANG_WARN_CONSTANT_CONVERSION = YES;
				CLANG_WARN_DEPRECATED_OBJC_IMPLEMENTATIONS = YES;
				CLANG_WARN_DIRECT_OBJC_ISA_USAGE = YES_ERROR;
				CLANG_WARN_DOCUMENTATION_COMMENTS = YES;
				CLANG_WARN_EMPTY_BODY = YES;
				CLANG_WARN_ENUM_CONVERSION = YES;
				CLANG_WARN_INFINITE_RECURSION = YES;
				CLANG_WARN_INT_CONVERSION = YES;
				CLANG_WARN_NON_LITERAL_NULL_CONVERSION = YES;
				CLANG_WARN_OBJC_IMPLICIT_RETAIN_SELF = YES;
				CLANG_WARN_OBJC_LITERAL_CONVERSION = YES;
				CLANG_WARN_OBJC_ROOT_CLASS = YES_ERROR;
				CLANG_WARN_RANGE_LOOP_ANALYSIS = YES;
				CLANG_WARN_STRICT_PROTOTYPES = YES;
				CLANG_WARN_SUSPICIOUS_MOVE = YES;
				CLANG_WARN_UNGUARDED_AVAILABILITY = YES_AGGRESSIVE;
				CLANG_WARN_UNREACHABLE_CODE = YES;
				CLANG_WARN__DUPLICATE_METHOD_MATCH = YES;
				COPY_PHASE_STRIP = NO;
				DEBUG_INFORMATION_FORMAT = dwarf;
				ENABLE_STRICT_OBJC_MSGSEND = YES;
				ENABLE_TESTABILITY = YES;
				GCC_C_LANGUAGE_STANDARD = gnu11;
				GCC_DYNAMIC_NO_PIC = NO;
				GCC_NO_COMMON_BLOCKS = YES;
				GCC_OPTIMIZATION_LEVEL = 0;
				GCC_PREPROCESSOR_DEFINITIONS = (
					"DEBUG=1",
					"$(inherited)",
				);
				GCC_WARN_64_TO_32_BIT_CONVERSION = YES;
				GCC_WARN_ABOUT_RETURN_TYPE = YES_ERROR;
				GCC_WARN_UNDECLARED_SELECTOR = YES;
				GCC_WARN_UNINITIALIZED_AUTOS = YES_AGGRESSIVE;
				GCC_WARN_UNUSED_FUNCTION = YES;
				GCC_WARN_UNUSED_VARIABLE = YES;
				IPHONEOS_DEPLOYMENT_TARGET = 12.4;
				MTL_ENABLE_DEBUG_INFO = INCLUDE_SOURCE;
				MTL_FAST_MATH = YES;
				ONLY_ACTIVE_ARCH = YES;
				SDKROOT = iphoneos;
				SWIFT_ACTIVE_COMPILATION_CONDITIONS = DEBUG;
				SWIFT_OPTIMIZATION_LEVEL = "-Onone";
			};
			name = Debug;
		};
		658CE6EF23CF1C7D00AB4787 /* Release */ = {
			isa = XCBuildConfiguration;
			buildSettings = {
				ALWAYS_SEARCH_USER_PATHS = NO;
				CLANG_ANALYZER_NONNULL = YES;
				CLANG_ANALYZER_NUMBER_OBJECT_CONVERSION = YES_AGGRESSIVE;
				CLANG_CXX_LANGUAGE_STANDARD = "gnu++14";
				CLANG_CXX_LIBRARY = "libc++";
				CLANG_ENABLE_MODULES = YES;
				CLANG_ENABLE_OBJC_ARC = YES;
				CLANG_ENABLE_OBJC_WEAK = YES;
				CLANG_WARN_BLOCK_CAPTURE_AUTORELEASING = YES;
				CLANG_WARN_BOOL_CONVERSION = YES;
				CLANG_WARN_COMMA = YES;
				CLANG_WARN_CONSTANT_CONVERSION = YES;
				CLANG_WARN_DEPRECATED_OBJC_IMPLEMENTATIONS = YES;
				CLANG_WARN_DIRECT_OBJC_ISA_USAGE = YES_ERROR;
				CLANG_WARN_DOCUMENTATION_COMMENTS = YES;
				CLANG_WARN_EMPTY_BODY = YES;
				CLANG_WARN_ENUM_CONVERSION = YES;
				CLANG_WARN_INFINITE_RECURSION = YES;
				CLANG_WARN_INT_CONVERSION = YES;
				CLANG_WARN_NON_LITERAL_NULL_CONVERSION = YES;
				CLANG_WARN_OBJC_IMPLICIT_RETAIN_SELF = YES;
				CLANG_WARN_OBJC_LITERAL_CONVERSION = YES;
				CLANG_WARN_OBJC_ROOT_CLASS = YES_ERROR;
				CLANG_WARN_RANGE_LOOP_ANALYSIS = YES;
				CLANG_WARN_STRICT_PROTOTYPES = YES;
				CLANG_WARN_SUSPICIOUS_MOVE = YES;
				CLANG_WARN_UNGUARDED_AVAILABILITY = YES_AGGRESSIVE;
				CLANG_WARN_UNREACHABLE_CODE = YES;
				CLANG_WARN__DUPLICATE_METHOD_MATCH = YES;
				COPY_PHASE_STRIP = NO;
				DEBUG_INFORMATION_FORMAT = "dwarf-with-dsym";
				ENABLE_NS_ASSERTIONS = NO;
				ENABLE_STRICT_OBJC_MSGSEND = YES;
				GCC_C_LANGUAGE_STANDARD = gnu11;
				GCC_NO_COMMON_BLOCKS = YES;
				GCC_WARN_64_TO_32_BIT_CONVERSION = YES;
				GCC_WARN_ABOUT_RETURN_TYPE = YES_ERROR;
				GCC_WARN_UNDECLARED_SELECTOR = YES;
				GCC_WARN_UNINITIALIZED_AUTOS = YES_AGGRESSIVE;
				GCC_WARN_UNUSED_FUNCTION = YES;
				GCC_WARN_UNUSED_VARIABLE = YES;
				IPHONEOS_DEPLOYMENT_TARGET = 12.4;
				MTL_ENABLE_DEBUG_INFO = NO;
				MTL_FAST_MATH = YES;
				SDKROOT = iphoneos;
				SWIFT_COMPILATION_MODE = wholemodule;
				SWIFT_OPTIMIZATION_LEVEL = "-O";
				VALIDATE_PRODUCT = YES;
			};
			name = Release;
		};
		658CE6F123CF1C7D00AB4787 /* Debug */ = {
			isa = XCBuildConfiguration;
			buildSettings = {
				ASSETCATALOG_COMPILER_APPICON_NAME = AppIcon;
				CODE_SIGN_STYLE = Automatic;
				DEVELOPMENT_TEAM = JB5E4734DJ;
				INFOPLIST_FILE = SnippetA/Info.plist;
				IPHONEOS_DEPLOYMENT_TARGET = 12.4;
				LD_RUNPATH_SEARCH_PATHS = (
					"$(inherited)",
					"@executable_path/Frameworks",
				);
				PRODUCT_BUNDLE_IDENTIFIER = com.wohlmuth.snippeta.SnippetA;
				PRODUCT_NAME = "$(TARGET_NAME)";
				SWIFT_VERSION = 5.0;
				TARGETED_DEVICE_FAMILY = "1,2";
			};
			name = Debug;
		};
		658CE6F223CF1C7D00AB4787 /* Release */ = {
			isa = XCBuildConfiguration;
			buildSettings = {
				ASSETCATALOG_COMPILER_APPICON_NAME = AppIcon;
				CODE_SIGN_STYLE = Automatic;
				DEVELOPMENT_TEAM = JB5E4734DJ;
				INFOPLIST_FILE = SnippetA/Info.plist;
				IPHONEOS_DEPLOYMENT_TARGET = 12.4;
				LD_RUNPATH_SEARCH_PATHS = (
					"$(inherited)",
					"@executable_path/Frameworks",
				);
				PRODUCT_BUNDLE_IDENTIFIER = com.wohlmuth.snippeta.SnippetA;
				PRODUCT_NAME = "$(TARGET_NAME)";
				SWIFT_VERSION = 5.0;
				TARGETED_DEVICE_FAMILY = "1,2";
			};
			name = Release;
		};
		658CE6F423CF1C7D00AB4787 /* Debug */ = {
			isa = XCBuildConfiguration;
			buildSettings = {
				ALWAYS_EMBED_SWIFT_STANDARD_LIBRARIES = YES;
				BUNDLE_LOADER = "$(TEST_HOST)";
				CODE_SIGN_STYLE = Automatic;
				INFOPLIST_FILE = SnippetATests/Info.plist;
				IPHONEOS_DEPLOYMENT_TARGET = 13.2;
				LD_RUNPATH_SEARCH_PATHS = (
					"$(inherited)",
					"@executable_path/Frameworks",
					"@loader_path/Frameworks",
				);
				PRODUCT_BUNDLE_IDENTIFIER = com.wohlmuth.snippeta.SnippetATests;
				PRODUCT_NAME = "$(TARGET_NAME)";
				SWIFT_VERSION = 5.0;
				TARGETED_DEVICE_FAMILY = "1,2";
				TEST_HOST = "$(BUILT_PRODUCTS_DIR)/SnippetA.app/SnippetA";
			};
			name = Debug;
		};
		658CE6F523CF1C7D00AB4787 /* Release */ = {
			isa = XCBuildConfiguration;
			buildSettings = {
				ALWAYS_EMBED_SWIFT_STANDARD_LIBRARIES = YES;
				BUNDLE_LOADER = "$(TEST_HOST)";
				CODE_SIGN_STYLE = Automatic;
				INFOPLIST_FILE = SnippetATests/Info.plist;
				IPHONEOS_DEPLOYMENT_TARGET = 13.2;
				LD_RUNPATH_SEARCH_PATHS = (
					"$(inherited)",
					"@executable_path/Frameworks",
					"@loader_path/Frameworks",
				);
				PRODUCT_BUNDLE_IDENTIFIER = com.wohlmuth.snippeta.SnippetATests;
				PRODUCT_NAME = "$(TARGET_NAME)";
				SWIFT_VERSION = 5.0;
				TARGETED_DEVICE_FAMILY = "1,2";
				TEST_HOST = "$(BUILT_PRODUCTS_DIR)/SnippetA.app/SnippetA";
			};
			name = Release;
		};
		658CE6F723CF1C7D00AB4787 /* Debug */ = {
			isa = XCBuildConfiguration;
			buildSettings = {
				ALWAYS_EMBED_SWIFT_STANDARD_LIBRARIES = YES;
				CODE_SIGN_STYLE = Automatic;
				INFOPLIST_FILE = SnippetAUITests/Info.plist;
				LD_RUNPATH_SEARCH_PATHS = (
					"$(inherited)",
					"@executable_path/Frameworks",
					"@loader_path/Frameworks",
				);
				PRODUCT_BUNDLE_IDENTIFIER = com.wohlmuth.snippeta.SnippetAUITests;
				PRODUCT_NAME = "$(TARGET_NAME)";
				SWIFT_VERSION = 5.0;
				TARGETED_DEVICE_FAMILY = "1,2";
				TEST_TARGET_NAME = SnippetA;
			};
			name = Debug;
		};
		658CE6F823CF1C7D00AB4787 /* Release */ = {
			isa = XCBuildConfiguration;
			buildSettings = {
				ALWAYS_EMBED_SWIFT_STANDARD_LIBRARIES = YES;
				CODE_SIGN_STYLE = Automatic;
				INFOPLIST_FILE = SnippetAUITests/Info.plist;
				LD_RUNPATH_SEARCH_PATHS = (
					"$(inherited)",
					"@executable_path/Frameworks",
					"@loader_path/Frameworks",
				);
				PRODUCT_BUNDLE_IDENTIFIER = com.wohlmuth.snippeta.SnippetAUITests;
				PRODUCT_NAME = "$(TARGET_NAME)";
				SWIFT_VERSION = 5.0;
				TARGETED_DEVICE_FAMILY = "1,2";
				TEST_TARGET_NAME = SnippetA;
			};
			name = Release;
		};
/* End XCBuildConfiguration section */

/* Begin XCConfigurationList section */
		658CE6C123CF1C7500AB4787 /* Build configuration list for PBXProject "SnippetA" */ = {
			isa = XCConfigurationList;
			buildConfigurations = (
				658CE6EE23CF1C7D00AB4787 /* Debug */,
				658CE6EF23CF1C7D00AB4787 /* Release */,
			);
			defaultConfigurationIsVisible = 0;
			defaultConfigurationName = Release;
		};
		658CE6F023CF1C7D00AB4787 /* Build configuration list for PBXNativeTarget "SnippetA" */ = {
			isa = XCConfigurationList;
			buildConfigurations = (
				658CE6F123CF1C7D00AB4787 /* Debug */,
				658CE6F223CF1C7D00AB4787 /* Release */,
			);
			defaultConfigurationIsVisible = 0;
			defaultConfigurationName = Release;
		};
		658CE6F323CF1C7D00AB4787 /* Build configuration list for PBXNativeTarget "SnippetATests" */ = {
			isa = XCConfigurationList;
			buildConfigurations = (
				658CE6F423CF1C7D00AB4787 /* Debug */,
				658CE6F523CF1C7D00AB4787 /* Release */,
			);
			defaultConfigurationIsVisible = 0;
			defaultConfigurationName = Release;
		};
		658CE6F623CF1C7D00AB4787 /* Build configuration list for PBXNativeTarget "SnippetAUITests" */ = {
			isa = XCConfigurationList;
			buildConfigurations = (
				658CE6F723CF1C7D00AB4787 /* Debug */,
				658CE6F823CF1C7D00AB4787 /* Release */,
			);
			defaultConfigurationIsVisible = 0;
			defaultConfigurationName = Release;
		};
/* End XCConfigurationList section */
	};
	rootObject = 658CE6BE23CF1C7500AB4787 /* Project object */;
}
